
Microsoft Visual Studio Solution File, Format Version 12.00
# Visual Studio Version 16
VisualStudioVersion = 16.0.30225.117
MinimumVisualStudioVersion = 10.0.40219.1
Project("{FAE04EC0-301F-11D3-BF4B-00C04F79EFBC}") = "CSVEditor", "CSVEditor\CSVEditor.csproj", "{B3BA60D4-6D66-4FC2-A222-7AD569467848}"
EndProject
Global
	GlobalSection(SolutionConfigurationPlatforms) = preSolution
		Debug|Any CPU = Debug|Any CPU
		Release|Any CPU = Release|Any CPU
	EndGlobalSection
	GlobalSection(ProjectConfigurationPlatforms) = postSolution
		{B3BA60D4-6D66-4FC2-A222-7AD569467848}.Debug|Any CPU.ActiveCfg = Debug|Any CPU
		{B3BA60D4-6D66-4FC2-A222-7AD569467848}.Debug|Any CPU.Build.0 = Debug|Any CPU
		{B3BA60D4-6D66-4FC2-A222-7AD569467848}.Release|Any CPU.ActiveCfg = Release|Any CPU
		{B3BA60D4-6D66-4FC2-A222-7AD569467848}.Release|Any CPU.Build.0 = Release|Any CPU
	EndGlobalSection
	GlobalSection(SolutionProperties) = preSolution
		HideSolutionNode = FALSE
	EndGlobalSection
	GlobalSection(ExtensibilityGlobals) = postSolution
		SolutionGuid = {F9A00133-5D96-474D-87BF-57755D41ACC7}
	EndGlobalSection
EndGlobal
